
Microsoft Visual Studio Solution File, Format Version 12.00
# Visual Studio Version 17
VisualStudioVersion = 17.11.35312.102
MinimumVisualStudioVersion = 10.0.40219.1
Project("{9A19103F-16F7-4668-BE54-9A1E7A4F7556}") = "BusinessObject", "BusinessObject\BusinessObject.csproj", "{3C58A716-513E-4E8A-848A-1D2D85A9A0EF}"
EndProject
Project("{9A19103F-16F7-4668-BE54-9A1E7A4F7556}") = "DataAccess", "DataAccess\DataAccess.csproj", "{A5C341C5-5F55-4A81-A6D4-36A50FB6BF92}"
EndProject
Project("{9A19103F-16F7-4668-BE54-9A1E7A4F7556}") = "HELLWASHER_Controller", "HELLWAHSER_Controller\HELLWASHER_Controller.csproj", "{718043E3-0188-4486-B8BE-4414B4EDF7F5}"
EndProject
Global
	GlobalSection(SolutionConfigurationPlatforms) = preSolution
		Debug|Any CPU = Debug|Any CPU
		Release|Any CPU = Release|Any CPU
	EndGlobalSection
	GlobalSection(ProjectConfigurationPlatforms) = postSolution
		{3C58A716-513E-4E8A-848A-1D2D85A9A0EF}.Debug|Any CPU.ActiveCfg = Debug|Any CPU
		{3C58A716-513E-4E8A-848A-1D2D85A9A0EF}.Debug|Any CPU.Build.0 = Debug|Any CPU
		{3C58A716-513E-4E8A-848A-1D2D85A9A0EF}.Release|Any CPU.ActiveCfg = Release|Any CPU
		{3C58A716-513E-4E8A-848A-1D2D85A9A0EF}.Release|Any CPU.Build.0 = Release|Any CPU
		{A5C341C5-5F55-4A81-A6D4-36A50FB6BF92}.Debug|Any CPU.ActiveCfg = Debug|Any CPU
		{A5C341C5-5F55-4A81-A6D4-36A50FB6BF92}.Debug|Any CPU.Build.0 = Debug|Any CPU
		{A5C341C5-5F55-4A81-A6D4-36A50FB6BF92}.Release|Any CPU.ActiveCfg = Release|Any CPU
		{A5C341C5-5F55-4A81-A6D4-36A50FB6BF92}.Release|Any CPU.Build.0 = Release|Any CPU
		{718043E3-0188-4486-B8BE-4414B4EDF7F5}.Debug|Any CPU.ActiveCfg = Debug|Any CPU
		{718043E3-0188-4486-B8BE-4414B4EDF7F5}.Debug|Any CPU.Build.0 = Debug|Any CPU
		{718043E3-0188-4486-B8BE-4414B4EDF7F5}.Release|Any CPU.ActiveCfg = Release|Any CPU
		{718043E3-0188-4486-B8BE-4414B4EDF7F5}.Release|Any CPU.Build.0 = Release|Any CPU
	EndGlobalSection
	GlobalSection(SolutionProperties) = preSolution
		HideSolutionNode = FALSE
	EndGlobalSection
	GlobalSection(ExtensibilityGlobals) = postSolution
		SolutionGuid = {A529CF46-7F84-4F34-8134-9FB24FCB767B}
	EndGlobalSection
EndGlobal
